
Microsoft Visual Studio Solution File, Format Version 12.00
# Visual Studio Version 16
VisualStudioVersion = 16.0.30011.22
MinimumVisualStudioVersion = 10.0.40219.1
Project("{FAE04EC0-301F-11D3-BF4B-00C04F79EFBC}") = "ValdymoSistema", "ValdymoSistema\ValdymoSistema.csproj", "{3C3729EC-8886-4A5D-A544-EDEA436A179C}"
EndProject
Global
	GlobalSection(SolutionConfigurationPlatforms) = preSolution
		Debug|Any CPU = Debug|Any CPU
		Release|Any CPU = Release|Any CPU
	EndGlobalSection
	GlobalSection(ProjectConfigurationPlatforms) = postSolution
		{3C3729EC-8886-4A5D-A544-EDEA436A179C}.Debug|Any CPU.ActiveCfg = Debug|Any CPU
		{3C3729EC-8886-4A5D-A544-EDEA436A179C}.Debug|Any CPU.Build.0 = Debug|Any CPU
		{3C3729EC-8886-4A5D-A544-EDEA436A179C}.Release|Any CPU.ActiveCfg = Release|Any CPU
		{3C3729EC-8886-4A5D-A544-EDEA436A179C}.Release|Any CPU.Build.0 = Release|Any CPU
	EndGlobalSection
	GlobalSection(SolutionProperties) = preSolution
		HideSolutionNode = FALSE
	EndGlobalSection
	GlobalSection(ExtensibilityGlobals) = postSolution
		SolutionGuid = {1537DC9E-8872-42C8-9767-10D7ECF6F73C}
	EndGlobalSection
EndGlobal
